
Microsoft Visual Studio Solution File, Format Version 12.00
# Visual Studio Version 16
VisualStudioVersion = 16.0.30503.244
MinimumVisualStudioVersion = 10.0.40219.1
Project("{FAE04EC0-301F-11D3-BF4B-00C04F79EFBC}") = "ConditionalWage", "ConditionalWage\ConditionalWage.csproj", "{C3496D87-754C-4249-8139-A09C87176C6B}"
EndProject
Global
	GlobalSection(SolutionConfigurationPlatforms) = preSolution
		Debug|Any CPU = Debug|Any CPU
		Release|Any CPU = Release|Any CPU
	EndGlobalSection
	GlobalSection(ProjectConfigurationPlatforms) = postSolution
		{C3496D87-754C-4249-8139-A09C87176C6B}.Debug|Any CPU.ActiveCfg = Debug|Any CPU
		{C3496D87-754C-4249-8139-A09C87176C6B}.Debug|Any CPU.Build.0 = Debug|Any CPU
		{C3496D87-754C-4249-8139-A09C87176C6B}.Release|Any CPU.ActiveCfg = Release|Any CPU
		{C3496D87-754C-4249-8139-A09C87176C6B}.Release|Any CPU.Build.0 = Release|Any CPU
	EndGlobalSection
	GlobalSection(SolutionProperties) = preSolution
		HideSolutionNode = FALSE
	EndGlobalSection
	GlobalSection(ExtensibilityGlobals) = postSolution
		SolutionGuid = {9BFC9A82-7742-43A7-9074-7F6742582FF6}
	EndGlobalSection
EndGlobal
