
Microsoft Visual Studio Solution File, Format Version 12.00
# Visual Studio Version 16
VisualStudioVersion = 16.0.30503.244
MinimumVisualStudioVersion = 10.0.40219.1
Project("{FAE04EC0-301F-11D3-BF4B-00C04F79EFBC}") = "MonthyWages", "MonthyWages\MonthyWages.csproj", "{035C15B5-B90E-4897-963A-C8294F209B67}"
EndProject
Global
	GlobalSection(SolutionConfigurationPlatforms) = preSolution
		Debug|Any CPU = Debug|Any CPU
		Release|Any CPU = Release|Any CPU
	EndGlobalSection
	GlobalSection(ProjectConfigurationPlatforms) = postSolution
		{035C15B5-B90E-4897-963A-C8294F209B67}.Debug|Any CPU.ActiveCfg = Debug|Any CPU
		{035C15B5-B90E-4897-963A-C8294F209B67}.Debug|Any CPU.Build.0 = Debug|Any CPU
		{035C15B5-B90E-4897-963A-C8294F209B67}.Release|Any CPU.ActiveCfg = Release|Any CPU
		{035C15B5-B90E-4897-963A-C8294F209B67}.Release|Any CPU.Build.0 = Release|Any CPU
	EndGlobalSection
	GlobalSection(SolutionProperties) = preSolution
		HideSolutionNode = FALSE
	EndGlobalSection
	GlobalSection(ExtensibilityGlobals) = postSolution
		SolutionGuid = {A1BACF08-6A46-4C39-AC19-55A2F48F86AF}
	EndGlobalSection
EndGlobal
