
Microsoft Visual Studio Solution File, Format Version 12.00
# Visual Studio Version 16
VisualStudioVersion = 16.0.30503.244
MinimumVisualStudioVersion = 10.0.40219.1
Project("{FAE04EC0-301F-11D3-BF4B-00C04F79EFBC}") = "EmployeeDailyWage", "EmployeeDailyWage\EmployeeDailyWage.csproj", "{4AB9DE21-1809-48B8-AC38-F60A57E3DC31}"
EndProject
Global
	GlobalSection(SolutionConfigurationPlatforms) = preSolution
		Debug|Any CPU = Debug|Any CPU
		Release|Any CPU = Release|Any CPU
	EndGlobalSection
	GlobalSection(ProjectConfigurationPlatforms) = postSolution
		{4AB9DE21-1809-48B8-AC38-F60A57E3DC31}.Debug|Any CPU.ActiveCfg = Debug|Any CPU
		{4AB9DE21-1809-48B8-AC38-F60A57E3DC31}.Debug|Any CPU.Build.0 = Debug|Any CPU
		{4AB9DE21-1809-48B8-AC38-F60A57E3DC31}.Release|Any CPU.ActiveCfg = Release|Any CPU
		{4AB9DE21-1809-48B8-AC38-F60A57E3DC31}.Release|Any CPU.Build.0 = Release|Any CPU
	EndGlobalSection
	GlobalSection(SolutionProperties) = preSolution
		HideSolutionNode = FALSE
	EndGlobalSection
	GlobalSection(ExtensibilityGlobals) = postSolution
		SolutionGuid = {327429DF-1544-402C-8ECB-CD057B4993EE}
	EndGlobalSection
EndGlobal
