
Microsoft Visual Studio Solution File, Format Version 12.00
# Visual Studio Version 16
VisualStudioVersion = 16.0.30503.244
MinimumVisualStudioVersion = 10.0.40219.1
Project("{FAE04EC0-301F-11D3-BF4B-00C04F79EFBC}") = "EmployeeAttendance", "EmployeeAttendance\EmployeeAttendance.csproj", "{C0AD0822-B4D6-44A9-8208-E3D93333722D}"
EndProject
Global
	GlobalSection(SolutionConfigurationPlatforms) = preSolution
		Debug|Any CPU = Debug|Any CPU
		Release|Any CPU = Release|Any CPU
	EndGlobalSection
	GlobalSection(ProjectConfigurationPlatforms) = postSolution
		{C0AD0822-B4D6-44A9-8208-E3D93333722D}.Debug|Any CPU.ActiveCfg = Debug|Any CPU
		{C0AD0822-B4D6-44A9-8208-E3D93333722D}.Debug|Any CPU.Build.0 = Debug|Any CPU
		{C0AD0822-B4D6-44A9-8208-E3D93333722D}.Release|Any CPU.ActiveCfg = Release|Any CPU
		{C0AD0822-B4D6-44A9-8208-E3D93333722D}.Release|Any CPU.Build.0 = Release|Any CPU
	EndGlobalSection
	GlobalSection(SolutionProperties) = preSolution
		HideSolutionNode = FALSE
	EndGlobalSection
	GlobalSection(ExtensibilityGlobals) = postSolution
		SolutionGuid = {769D709F-3B61-4F6A-B31F-19589E521A8A}
	EndGlobalSection
EndGlobal
